{
  "version": 4,
  "terraform_version": "0.12.29",
  "serial": 127,
  "lineage": "399ba3f9-0a92-56e5-b14a-5f4114f49a0b",
  "outputs": {},
  "resources": [
    {
      "mode": "managed",
      "type": "azurerm_network_interface",
      "name": "ani-nic",
      "provider": "provider.azurerm",
      "instances": [
        {
          "schema_version": 0,
          "attributes": {
            "applied_dns_servers": [],
            "dns_servers": [],
            "enable_accelerated_networking": false,
            "enable_ip_forwarding": false,
            "id": "/subscriptions/c1bc2fcd-a809-4086-8763-1499cdf758fd/resourceGroups/Terraform-rg11/providers/Microsoft.Network/networkInterfaces/ani-nic",
            "internal_dns_name_label": "",
            "internal_domain_name_suffix": "51qhxp1dpekepmjtpqkwj3dmjg.cx.internal.cloudapp.net",
            "ip_configuration": [
              {
                "name": "ipconfig1",
                "primary": true,
                "private_ip_address": "10.0.2.4",
                "private_ip_address_allocation": "Dynamic",
                "private_ip_address_version": "IPv4",
                "public_ip_address_id": "",
                "subnet_id": "/subscriptions/c1bc2fcd-a809-4086-8763-1499cdf758fd/resourceGroups/Terraform-rg11/providers/Microsoft.Network/virtualNetworks/virtualNetwork1/subnets/subnet1"
              }
            ],
            "location": "eastus2",
            "mac_address": "",
            "name": "ani-nic",
            "private_ip_address": "10.0.2.4",
            "private_ip_addresses": [
              "10.0.2.4"
            ],
            "resource_group_name": "Terraform-rg11",
            "tags": null,
            "timeouts": null,
            "virtual_machine_id": ""
          },
          "private": "eyJlMmJmYjczMC1lY2FhLTExZTYtOGY4OC0zNDM2M2JjN2M0YzAiOnsiY3JlYXRlIjoxODAwMDAwMDAwMDAwLCJkZWxldGUiOjE4MDAwMDAwMDAwMDAsInJlYWQiOjMwMDAwMDAwMDAwMCwidXBkYXRlIjoxODAwMDAwMDAwMDAwfX0=",
          "dependencies": [
            "azurerm_resource_group.Terraform-rg11",
            "azurerm_subnet.subnet1",
            "azurerm_virtual_network.avn"
          ]
        }
      ]
    },
    {
      "mode": "managed",
      "type": "azurerm_network_security_group",
      "name": "terraform-ng11",
      "provider": "provider.azurerm",
      "instances": [
        {
          "schema_version": 0,
          "attributes": {
            "id": "/subscriptions/c1bc2fcd-a809-4086-8763-1499cdf758fd/resourceGroups/Terraform-rg11/providers/Microsoft.Network/networkSecurityGroups/terraform-ng11",
            "location": "eastus2",
            "name": "terraform-ng11",
            "resource_group_name": "Terraform-rg11",
            "security_rule": [],
            "tags": null,
            "timeouts": null
          },
          "private": "eyJlMmJmYjczMC1lY2FhLTExZTYtOGY4OC0zNDM2M2JjN2M0YzAiOnsiY3JlYXRlIjoxODAwMDAwMDAwMDAwLCJkZWxldGUiOjE4MDAwMDAwMDAwMDAsInJlYWQiOjMwMDAwMDAwMDAwMCwidXBkYXRlIjoxODAwMDAwMDAwMDAwfX0=",
          "dependencies": [
            "azurerm_resource_group.Terraform-rg11"
          ]
        }
      ]
    },
    {
      "mode": "managed",
      "type": "azurerm_resource_group",
      "name": "Terraform-rg11",
      "provider": "provider.azurerm",
      "instances": [
        {
          "schema_version": 0,
          "attributes": {
            "id": "/subscriptions/c1bc2fcd-a809-4086-8763-1499cdf758fd/resourceGroups/Terraform-rg11",
            "location": "eastus2",
            "name": "Terraform-rg11",
            "tags": null,
            "timeouts": null
          },
          "private": "eyJlMmJmYjczMC1lY2FhLTExZTYtOGY4OC0zNDM2M2JjN2M0YzAiOnsiY3JlYXRlIjo1NDAwMDAwMDAwMDAwLCJkZWxldGUiOjU0MDAwMDAwMDAwMDAsInJlYWQiOjMwMDAwMDAwMDAwMCwidXBkYXRlIjo1NDAwMDAwMDAwMDAwfX0="
        }
      ]
    },
    {
      "mode": "managed",
      "type": "azurerm_resource_group",
      "name": "Terraform-rg22",
      "provider": "provider.azurerm",
      "instances": [
        {
          "schema_version": 0,
          "attributes": {
            "id": "/subscriptions/c1bc2fcd-a809-4086-8763-1499cdf758fd/resourceGroups/Terraform-rg22",
            "location": "eastus2",
            "name": "Terraform-rg22",
            "tags": null,
            "timeouts": null
          },
          "private": "eyJlMmJmYjczMC1lY2FhLTExZTYtOGY4OC0zNDM2M2JjN2M0YzAiOnsiY3JlYXRlIjo1NDAwMDAwMDAwMDAwLCJkZWxldGUiOjU0MDAwMDAwMDAwMDAsInJlYWQiOjMwMDAwMDAwMDAwMCwidXBkYXRlIjo1NDAwMDAwMDAwMDAwfX0=",
          "dependencies": [
            "azurerm_resource_group.Terraform-rg11",
            "azurerm_storage_account.milestonesssss11"
          ]
        }
      ]
    },
    {
      "mode": "managed",
      "type": "azurerm_storage_account",
      "name": "milestonesssss11",
      "provider": "provider.azurerm",
      "instances": [
        {
          "schema_version": 2,
          "attributes": {
            "access_tier": "Hot",
            "account_kind": "StorageV2",
            "account_replication_type": "LRS",
            "account_tier": "Standard",
            "allow_blob_public_access": false,
            "blob_properties": [],
            "custom_domain": [],
            "enable_https_traffic_only": true,
            "id": "/subscriptions/c1bc2fcd-a809-4086-8763-1499cdf758fd/resourceGroups/Terraform-rg11/providers/Microsoft.Storage/storageAccounts/milestonesssss11",
            "identity": [],
            "is_hns_enabled": false,
            "location": "eastus2",
            "min_tls_version": "TLS1_0",
            "name": "milestonesssss11",
            "network_rules": [
              {
                "bypass": [
                  "AzureServices"
                ],
                "default_action": "Allow",
                "ip_rules": [],
                "virtual_network_subnet_ids": []
              }
            ],
            "primary_access_key": "A1CWbDhjoov7O6wqhTmgXZvQPZ/DezK36wckHkuLgV/XB2g2AcHEWF+5vfo+J8r0CH5x0U2cHSa72MwfMg/v/A==",
            "primary_blob_connection_string": "DefaultEndpointsProtocol=https;BlobEndpoint=https://milestonesssss11.blob.core.windows.net/;AccountName=milestonesssss11;AccountKey=A1CWbDhjoov7O6wqhTmgXZvQPZ/DezK36wckHkuLgV/XB2g2AcHEWF+5vfo+J8r0CH5x0U2cHSa72MwfMg/v/A==",
            "primary_blob_endpoint": "https://milestonesssss11.blob.core.windows.net/",
            "primary_blob_host": "milestonesssss11.blob.core.windows.net",
            "primary_connection_string": "DefaultEndpointsProtocol=https;AccountName=milestonesssss11;AccountKey=A1CWbDhjoov7O6wqhTmgXZvQPZ/DezK36wckHkuLgV/XB2g2AcHEWF+5vfo+J8r0CH5x0U2cHSa72MwfMg/v/A==;EndpointSuffix=core.windows.net",
            "primary_dfs_endpoint": "https://milestonesssss11.dfs.core.windows.net/",
            "primary_dfs_host": "milestonesssss11.dfs.core.windows.net",
            "primary_file_endpoint": "https://milestonesssss11.file.core.windows.net/",
            "primary_file_host": "milestonesssss11.file.core.windows.net",
            "primary_location": "eastus2",
            "primary_queue_endpoint": "https://milestonesssss11.queue.core.windows.net/",
            "primary_queue_host": "milestonesssss11.queue.core.windows.net",
            "primary_table_endpoint": "https://milestonesssss11.table.core.windows.net/",
            "primary_table_host": "milestonesssss11.table.core.windows.net",
            "primary_web_endpoint": "https://milestonesssss11.z20.web.core.windows.net/",
            "primary_web_host": "milestonesssss11.z20.web.core.windows.net",
            "queue_properties": [
              {
                "cors_rule": [],
                "hour_metrics": [
                  {
                    "enabled": true,
                    "include_apis": true,
                    "retention_policy_days": 7,
                    "version": "1.0"
                  }
                ],
                "logging": [
                  {
                    "delete": false,
                    "read": false,
                    "retention_policy_days": 0,
                    "version": "1.0",
                    "write": false
                  }
                ],
                "minute_metrics": [
                  {
                    "enabled": false,
                    "include_apis": false,
                    "retention_policy_days": 0,
                    "version": "1.0"
                  }
                ]
              }
            ],
            "resource_group_name": "Terraform-rg11",
            "secondary_access_key": "83pb4nK/HtLiVElEuTdvVVdMSNYqTjJeB0Y4T9GVxoWbmspfoa7VcaWvZo7xunPMxhvtjjcaoVWqchhDIqR9qA==",
            "secondary_blob_connection_string": "",
            "secondary_blob_endpoint": null,
            "secondary_blob_host": null,
            "secondary_connection_string": "DefaultEndpointsProtocol=https;AccountName=milestonesssss11;AccountKey=83pb4nK/HtLiVElEuTdvVVdMSNYqTjJeB0Y4T9GVxoWbmspfoa7VcaWvZo7xunPMxhvtjjcaoVWqchhDIqR9qA==;EndpointSuffix=core.windows.net",
            "secondary_dfs_endpoint": null,
            "secondary_dfs_host": null,
            "secondary_file_endpoint": null,
            "secondary_file_host": null,
            "secondary_location": "",
            "secondary_queue_endpoint": null,
            "secondary_queue_host": null,
            "secondary_table_endpoint": null,
            "secondary_table_host": null,
            "secondary_web_endpoint": null,
            "secondary_web_host": null,
            "static_website": [],
            "tags": {
              "environment": "staging"
            },
            "timeouts": null
          },
          "private": "eyJlMmJmYjczMC1lY2FhLTExZTYtOGY4OC0zNDM2M2JjN2M0YzAiOnsiY3JlYXRlIjozNjAwMDAwMDAwMDAwLCJkZWxldGUiOjM2MDAwMDAwMDAwMDAsInJlYWQiOjMwMDAwMDAwMDAwMCwidXBkYXRlIjozNjAwMDAwMDAwMDAwfSwic2NoZW1hX3ZlcnNpb24iOiIyIn0=",
          "dependencies": [
            "azurerm_resource_group.Terraform-rg11"
          ]
        }
      ]
    },
    {
      "mode": "managed",
      "type": "azurerm_storage_account",
      "name": "milestonesssss22",
      "provider": "provider.azurerm",
      "instances": [
        {
          "schema_version": 2,
          "attributes": {
            "access_tier": "Hot",
            "account_kind": "StorageV2",
            "account_replication_type": "LRS",
            "account_tier": "Standard",
            "allow_blob_public_access": false,
            "blob_properties": [],
            "custom_domain": [],
            "enable_https_traffic_only": true,
            "id": "/subscriptions/c1bc2fcd-a809-4086-8763-1499cdf758fd/resourceGroups/Terraform-rg22/providers/Microsoft.Storage/storageAccounts/milestonesssss22",
            "identity": [],
            "is_hns_enabled": false,
            "location": "eastus2",
            "min_tls_version": "TLS1_0",
            "name": "milestonesssss22",
            "network_rules": [
              {
                "bypass": [
                  "AzureServices"
                ],
                "default_action": "Allow",
                "ip_rules": [],
                "virtual_network_subnet_ids": []
              }
            ],
            "primary_access_key": "ywoP26q+uRLkEGg+5OtztFF2EszzqXUMa2iR7F+kWEhBp3ObNYOKQZbUSE5M21G8FNa8+2npfMmMEtj6pDoDtg==",
            "primary_blob_connection_string": "DefaultEndpointsProtocol=https;BlobEndpoint=https://milestonesssss22.blob.core.windows.net/;AccountName=milestonesssss22;AccountKey=ywoP26q+uRLkEGg+5OtztFF2EszzqXUMa2iR7F+kWEhBp3ObNYOKQZbUSE5M21G8FNa8+2npfMmMEtj6pDoDtg==",
            "primary_blob_endpoint": "https://milestonesssss22.blob.core.windows.net/",
            "primary_blob_host": "milestonesssss22.blob.core.windows.net",
            "primary_connection_string": "DefaultEndpointsProtocol=https;AccountName=milestonesssss22;AccountKey=ywoP26q+uRLkEGg+5OtztFF2EszzqXUMa2iR7F+kWEhBp3ObNYOKQZbUSE5M21G8FNa8+2npfMmMEtj6pDoDtg==;EndpointSuffix=core.windows.net",
            "primary_dfs_endpoint": "https://milestonesssss22.dfs.core.windows.net/",
            "primary_dfs_host": "milestonesssss22.dfs.core.windows.net",
            "primary_file_endpoint": "https://milestonesssss22.file.core.windows.net/",
            "primary_file_host": "milestonesssss22.file.core.windows.net",
            "primary_location": "eastus2",
            "primary_queue_endpoint": "https://milestonesssss22.queue.core.windows.net/",
            "primary_queue_host": "milestonesssss22.queue.core.windows.net",
            "primary_table_endpoint": "https://milestonesssss22.table.core.windows.net/",
            "primary_table_host": "milestonesssss22.table.core.windows.net",
            "primary_web_endpoint": "https://milestonesssss22.z20.web.core.windows.net/",
            "primary_web_host": "milestonesssss22.z20.web.core.windows.net",
            "queue_properties": [
              {
                "cors_rule": [],
                "hour_metrics": [
                  {
                    "enabled": true,
                    "include_apis": true,
                    "retention_policy_days": 7,
                    "version": "1.0"
                  }
                ],
                "logging": [
                  {
                    "delete": false,
                    "read": false,
                    "retention_policy_days": 0,
                    "version": "1.0",
                    "write": false
                  }
                ],
                "minute_metrics": [
                  {
                    "enabled": false,
                    "include_apis": false,
                    "retention_policy_days": 0,
                    "version": "1.0"
                  }
                ]
              }
            ],
            "resource_group_name": "Terraform-rg22",
            "secondary_access_key": "PkwCdj0NYy9o4CzNQc0G/aL7e385sKJa4qcQpgd9n4woh0d+dfigwsezroyXC595MJ1cJ7D78ZAy6R1IyCekUQ==",
            "secondary_blob_connection_string": "",
            "secondary_blob_endpoint": null,
            "secondary_blob_host": null,
            "secondary_connection_string": "DefaultEndpointsProtocol=https;AccountName=milestonesssss22;AccountKey=PkwCdj0NYy9o4CzNQc0G/aL7e385sKJa4qcQpgd9n4woh0d+dfigwsezroyXC595MJ1cJ7D78ZAy6R1IyCekUQ==;EndpointSuffix=core.windows.net",
            "secondary_dfs_endpoint": null,
            "secondary_dfs_host": null,
            "secondary_file_endpoint": null,
            "secondary_file_host": null,
            "secondary_location": "",
            "secondary_queue_endpoint": null,
            "secondary_queue_host": null,
            "secondary_table_endpoint": null,
            "secondary_table_host": null,
            "secondary_web_endpoint": null,
            "secondary_web_host": null,
            "static_website": [],
            "tags": {
              "environment": "staging"
            },
            "timeouts": null
          },
          "private": "eyJlMmJmYjczMC1lY2FhLTExZTYtOGY4OC0zNDM2M2JjN2M0YzAiOnsiY3JlYXRlIjozNjAwMDAwMDAwMDAwLCJkZWxldGUiOjM2MDAwMDAwMDAwMDAsInJlYWQiOjMwMDAwMDAwMDAwMCwidXBkYXRlIjozNjAwMDAwMDAwMDAwfSwic2NoZW1hX3ZlcnNpb24iOiIyIn0=",
          "dependencies": [
            "azurerm_resource_group.Terraform-rg11",
            "azurerm_resource_group.Terraform-rg22",
            "azurerm_storage_account.milestonesssss11"
          ]
        }
      ]
    },
    {
      "mode": "managed",
      "type": "azurerm_subnet",
      "name": "subnet1",
      "provider": "provider.azurerm",
      "instances": [
        {
          "schema_version": 0,
          "attributes": {
            "address_prefix": "10.0.2.0/24",
            "address_prefixes": [
              "10.0.2.0/24"
            ],
            "delegation": [],
            "enforce_private_link_endpoint_network_policies": false,
            "enforce_private_link_service_network_policies": false,
            "id": "/subscriptions/c1bc2fcd-a809-4086-8763-1499cdf758fd/resourceGroups/Terraform-rg11/providers/Microsoft.Network/virtualNetworks/virtualNetwork1/subnets/subnet1",
            "name": "subnet1",
            "resource_group_name": "Terraform-rg11",
            "service_endpoints": null,
            "timeouts": null,
            "virtual_network_name": "virtualNetwork1"
          },
          "private": "eyJlMmJmYjczMC1lY2FhLTExZTYtOGY4OC0zNDM2M2JjN2M0YzAiOnsiY3JlYXRlIjoxODAwMDAwMDAwMDAwLCJkZWxldGUiOjE4MDAwMDAwMDAwMDAsInJlYWQiOjMwMDAwMDAwMDAwMCwidXBkYXRlIjoxODAwMDAwMDAwMDAwfX0=",
          "dependencies": [
            "azurerm_resource_group.Terraform-rg11",
            "azurerm_virtual_network.avn"
          ]
        }
      ]
    },
    {
      "mode": "managed",
      "type": "azurerm_virtual_machine",
      "name": "Terraform-rg11",
      "provider": "provider.azurerm",
      "instances": [
        {
          "schema_version": 0,
          "attributes": {
            "additional_capabilities": [],
            "availability_set_id": null,
            "boot_diagnostics": [],
            "delete_data_disks_on_termination": false,
            "delete_os_disk_on_termination": false,
            "id": "/subscriptions/c1bc2fcd-a809-4086-8763-1499cdf758fd/resourceGroups/Terraform-rg11/providers/Microsoft.Compute/virtualMachines/terraformvm1",
            "identity": [],
            "license_type": null,
            "location": "eastus2",
            "name": "terraformvm1",
            "network_interface_ids": [
              "/subscriptions/c1bc2fcd-a809-4086-8763-1499cdf758fd/resourceGroups/Terraform-rg11/providers/Microsoft.Network/networkInterfaces/ani-nic"
            ],
            "os_profile": [
              {
                "admin_password": "",
                "admin_username": "x950450",
                "computer_name": "TerraformVM1",
                "custom_data": ""
              }
            ],
            "os_profile_linux_config": [
              {
                "disable_password_authentication": false,
                "ssh_keys": []
              }
            ],
            "os_profile_secrets": [],
            "os_profile_windows_config": [],
            "plan": [],
            "primary_network_interface_id": null,
            "proximity_placement_group_id": null,
            "resource_group_name": "Terraform-rg11",
            "storage_data_disk": [],
            "storage_image_reference": [
              {
                "id": "",
                "offer": "UbuntuServer",
                "publisher": "Canonical",
                "sku": "18.04-LTS",
                "version": "latest"
              }
            ],
            "storage_os_disk": [
              {
                "caching": "ReadWrite",
                "create_option": "FromImage",
                "disk_size_gb": 30,
                "image_uri": "",
                "managed_disk_id": "/subscriptions/c1bc2fcd-a809-4086-8763-1499cdf758fd/resourceGroups/TERRAFORM-RG11/providers/Microsoft.Compute/disks/myosdisk1",
                "managed_disk_type": "Standard_LRS",
                "name": "myosdisk1",
                "os_type": "Linux",
                "vhd_uri": "",
                "write_accelerator_enabled": false
              }
            ],
            "tags": {
              "environment": "staging"
            },
            "timeouts": null,
            "vm_size": "Standard_B1ms",
            "zones": null
          },
          "private": "eyJlMmJmYjczMC1lY2FhLTExZTYtOGY4OC0zNDM2M2JjN2M0YzAiOnsiY3JlYXRlIjozNjAwMDAwMDAwMDAwLCJkZWxldGUiOjM2MDAwMDAwMDAwMDAsInJlYWQiOjMwMDAwMDAwMDAwMCwidXBkYXRlIjozNjAwMDAwMDAwMDAwfX0=",
          "dependencies": [
            "azurerm_network_interface.ani-nic",
            "azurerm_resource_group.Terraform-rg11",
            "azurerm_subnet.subnet1",
            "azurerm_virtual_network.avn"
          ]
        }
      ]
    },
    {
      "mode": "managed",
      "type": "azurerm_virtual_network",
      "name": "avn",
      "provider": "provider.azurerm",
      "instances": [
        {
          "schema_version": 0,
          "attributes": {
            "address_space": [
              "10.0.0.0/16"
            ],
            "ddos_protection_plan": [],
            "dns_servers": [
              "10.0.0.4",
              "10.0.0.5"
            ],
            "guid": "bf7be0fe-7963-4714-b133-7c1564f46c4e",
            "id": "/subscriptions/c1bc2fcd-a809-4086-8763-1499cdf758fd/resourceGroups/Terraform-rg11/providers/Microsoft.Network/virtualNetworks/virtualNetwork1",
            "location": "eastus2",
            "name": "virtualNetwork1",
            "resource_group_name": "Terraform-rg11",
            "subnet": [],
            "tags": null,
            "timeouts": null
          },
          "private": "eyJlMmJmYjczMC1lY2FhLTExZTYtOGY4OC0zNDM2M2JjN2M0YzAiOnsiY3JlYXRlIjoxODAwMDAwMDAwMDAwLCJkZWxldGUiOjE4MDAwMDAwMDAwMDAsInJlYWQiOjMwMDAwMDAwMDAwMCwidXBkYXRlIjoxODAwMDAwMDAwMDAwfX0=",
          "dependencies": [
            "azurerm_resource_group.Terraform-rg11"
          ]
        }
      ]
    }
  ]
}
